
Microsoft Visual Studio Solution File, Format Version 12.00
# Visual Studio Version 17
VisualStudioVersion = 17.3.32922.545
MinimumVisualStudioVersion = 10.0.40219.1
Project("{FAE04EC0-301F-11D3-BF4B-00C04F79EFBC}") = "TechnoEgypt", "TechnoEgypt\TechnoEgypt.csproj", "{BFD244C5-77E2-4013-8943-C0CBBFC9A1EF}"
EndProject
Global
	GlobalSection(SolutionConfigurationPlatforms) = preSolution
		Debug|Any CPU = Debug|Any CPU
		Release|Any CPU = Release|Any CPU
	EndGlobalSection
	GlobalSection(ProjectConfigurationPlatforms) = postSolution
		{BFD244C5-77E2-4013-8943-C0CBBFC9A1EF}.Debug|Any CPU.ActiveCfg = Debug|Any CPU
		{BFD244C5-77E2-4013-8943-C0CBBFC9A1EF}.Debug|Any CPU.Build.0 = Debug|Any CPU
		{BFD244C5-77E2-4013-8943-C0CBBFC9A1EF}.Release|Any CPU.ActiveCfg = Release|Any CPU
		{BFD244C5-77E2-4013-8943-C0CBBFC9A1EF}.Release|Any CPU.Build.0 = Release|Any CPU
	EndGlobalSection
	GlobalSection(SolutionProperties) = preSolution
		HideSolutionNode = FALSE
	EndGlobalSection
	GlobalSection(ExtensibilityGlobals) = postSolution
		SolutionGuid = {5E1D6801-9290-4ECB-B507-65952BD06EBE}
	EndGlobalSection
EndGlobal
